
Microsoft Visual Studio Solution File, Format Version 12.00
# Visual Studio Version 16
VisualStudioVersion = 16.0.31205.134
MinimumVisualStudioVersion = 10.0.40219.1
Project("{FAE04EC0-301F-11D3-BF4B-00C04F79EFBC}") = "Hang Man Game", "Hang Man Game\Hang Man Game.csproj", "{858B405B-64AC-4B2A-8032-5766BC250374}"
EndProject
Global
	GlobalSection(SolutionConfigurationPlatforms) = preSolution
		Debug|Any CPU = Debug|Any CPU
		Release|Any CPU = Release|Any CPU
	EndGlobalSection
	GlobalSection(ProjectConfigurationPlatforms) = postSolution
		{858B405B-64AC-4B2A-8032-5766BC250374}.Debug|Any CPU.ActiveCfg = Debug|Any CPU
		{858B405B-64AC-4B2A-8032-5766BC250374}.Debug|Any CPU.Build.0 = Debug|Any CPU
		{858B405B-64AC-4B2A-8032-5766BC250374}.Release|Any CPU.ActiveCfg = Release|Any CPU
		{858B405B-64AC-4B2A-8032-5766BC250374}.Release|Any CPU.Build.0 = Release|Any CPU
	EndGlobalSection
	GlobalSection(SolutionProperties) = preSolution
		HideSolutionNode = FALSE
	EndGlobalSection
	GlobalSection(ExtensibilityGlobals) = postSolution
		SolutionGuid = {5C0D2087-3F67-4294-A45A-549B831F606B}
	EndGlobalSection
EndGlobal
